
Microsoft Visual Studio Solution File, Format Version 12.00
# Visual Studio Version 17
VisualStudioVersion = 17.0.31903.59
MinimumVisualStudioVersion = 10.0.40219.1
Project("{2150E333-8FDC-42A3-9474-1A3956D46DE8}") = "src", "src", "{E853A057-E401-4D29-B9D3-59F4B77C17C7}"
EndProject
Project("{FAE04EC0-301F-11D3-BF4B-00C04F79EFBC}") = "DNTCommon.Web.Core", "src\DNTCommon.Web.Core\DNTCommon.Web.Core.csproj", "{95A462D7-D908-420C-B261-C19E50ECC518}"
EndProject
Project("{FAE04EC0-301F-11D3-BF4B-00C04F79EFBC}") = "DNTCommon.Web.Core.Tests", "src\DNTCommon.Web.Core.Tests\DNTCommon.Web.Core.Tests.csproj", "{63F38ED0-7EC1-4A4F-BE3F-C803343960BE}"
EndProject
Project("{FAE04EC0-301F-11D3-BF4B-00C04F79EFBC}") = "DNTCommon.Web.Core.TestWebAPI", "src\DNTCommon.Web.Core.TestWebAPI\DNTCommon.Web.Core.TestWebAPI.csproj", "{5229B908-5117-4D5F-96F6-86282F3657C4}"
EndProject
Project("{FAE04EC0-301F-11D3-BF4B-00C04F79EFBC}") = "DNTCommon.Web.Core.TestWebApp", "src\DNTCommon.Web.Core.TestWebApp\DNTCommon.Web.Core.TestWebApp.csproj", "{157E4A9F-EA19-4DBE-A741-AE840F7DD2AC}"
EndProject
Global
	GlobalSection(SolutionConfigurationPlatforms) = preSolution
		Debug|Any CPU = Debug|Any CPU
		Release|Any CPU = Release|Any CPU
	EndGlobalSection
	GlobalSection(SolutionProperties) = preSolution
		HideSolutionNode = FALSE
	EndGlobalSection
	GlobalSection(ProjectConfigurationPlatforms) = postSolution
		{95A462D7-D908-420C-B261-C19E50ECC518}.Debug|Any CPU.ActiveCfg = Debug|Any CPU
		{95A462D7-D908-420C-B261-C19E50ECC518}.Debug|Any CPU.Build.0 = Debug|Any CPU
		{95A462D7-D908-420C-B261-C19E50ECC518}.Release|Any CPU.ActiveCfg = Release|Any CPU
		{95A462D7-D908-420C-B261-C19E50ECC518}.Release|Any CPU.Build.0 = Release|Any CPU
		{63F38ED0-7EC1-4A4F-BE3F-C803343960BE}.Debug|Any CPU.ActiveCfg = Debug|Any CPU
		{63F38ED0-7EC1-4A4F-BE3F-C803343960BE}.Debug|Any CPU.Build.0 = Debug|Any CPU
		{63F38ED0-7EC1-4A4F-BE3F-C803343960BE}.Release|Any CPU.ActiveCfg = Release|Any CPU
		{63F38ED0-7EC1-4A4F-BE3F-C803343960BE}.Release|Any CPU.Build.0 = Release|Any CPU
		{5229B908-5117-4D5F-96F6-86282F3657C4}.Debug|Any CPU.ActiveCfg = Debug|Any CPU
		{5229B908-5117-4D5F-96F6-86282F3657C4}.Debug|Any CPU.Build.0 = Debug|Any CPU
		{5229B908-5117-4D5F-96F6-86282F3657C4}.Release|Any CPU.ActiveCfg = Release|Any CPU
		{5229B908-5117-4D5F-96F6-86282F3657C4}.Release|Any CPU.Build.0 = Release|Any CPU
		{157E4A9F-EA19-4DBE-A741-AE840F7DD2AC}.Debug|Any CPU.ActiveCfg = Debug|Any CPU
		{157E4A9F-EA19-4DBE-A741-AE840F7DD2AC}.Debug|Any CPU.Build.0 = Debug|Any CPU
		{157E4A9F-EA19-4DBE-A741-AE840F7DD2AC}.Release|Any CPU.ActiveCfg = Release|Any CPU
		{157E4A9F-EA19-4DBE-A741-AE840F7DD2AC}.Release|Any CPU.Build.0 = Release|Any CPU
	EndGlobalSection
	GlobalSection(NestedProjects) = preSolution
		{95A462D7-D908-420C-B261-C19E50ECC518} = {E853A057-E401-4D29-B9D3-59F4B77C17C7}
		{63F38ED0-7EC1-4A4F-BE3F-C803343960BE} = {E853A057-E401-4D29-B9D3-59F4B77C17C7}
		{5229B908-5117-4D5F-96F6-86282F3657C4} = {E853A057-E401-4D29-B9D3-59F4B77C17C7}
		{157E4A9F-EA19-4DBE-A741-AE840F7DD2AC} = {E853A057-E401-4D29-B9D3-59F4B77C17C7}
	EndGlobalSection
EndGlobal
